
Microsoft Visual Studio Solution File, Format Version 12.00
# Visual Studio Version 17
VisualStudioVersion = 17.0.31903.59
MinimumVisualStudioVersion = 10.0.40219.1
Project("{9A19103F-16F7-4668-BE54-9A1E7A4F7556}") = "TryMudBlazor.Client", "TryMudBlazor.Client\TryMudBlazor.Client.csproj", "{EF62B2E2-56D5-4F26-89F8-91014D335C33}"
EndProject
Project("{9A19103F-16F7-4668-BE54-9A1E7A4F7556}") = "TryMudBlazor.Server", "TryMudBlazor.Server\TryMudBlazor.Server.csproj", "{65FD337C-4469-4FE7-8A63-AF9A4F23A0A6}"
EndProject
Project("{9A19103F-16F7-4668-BE54-9A1E7A4F7556}") = "Try.UserComponents", "UserComponents\Try.UserComponents.csproj", "{85C7106C-38F5-4057-BDD4-E84825735942}"
EndProject
Project("{9A19103F-16F7-4668-BE54-9A1E7A4F7556}") = "Try.Core", "Try.Core\Try.Core.csproj", "{36E85EC5-C2F4-477B-A712-0AF04CFC05A9}"
EndProject
Project("{9A19103F-16F7-4668-BE54-9A1E7A4F7556}") = "Try.Tests", "Try.Tests\Try.Tests.csproj", "{CAB66C20-A3C2-408E-9DAB-CA7EFEC2227F}"
EndProject
Project("{9A19103F-16F7-4668-BE54-9A1E7A4F7556}") = "..\MudBlazor\src\MudBlazor.Examples.Data", "MudBlazor.Examples.Data\MudBlazor.Examples.Data.csproj", "{0353B924-2BF0-4BB3-86B1-04C95BE10CF3}"
EndProject
Project("{2150E333-8FDC-42A3-9474-1A3956D46DE8}") = "Solution Items", "Solution Items", "{05C7416B-1168-47EF-A544-9FF8D88AE430}"
	ProjectSection(SolutionItems) = preProject
		Dockerfile = Dockerfile
		nginx.conf = nginx.conf
	EndProjectSection
EndProject
Project("{FAE04EC0-301F-11D3-BF4B-00C04F79EFBC}") = "MudBlazor", "..\MudBlazor\src\MudBlazor\MudBlazor.csproj", "{0A6E7394-6C3A-4EA7-B946-93050F9A169D}"
EndProject
Project("{FAE04EC0-301F-11D3-BF4B-00C04F79EFBC}") = "MudBlazor.Analyzers", "..\MudBlazor\src\MudBlazor.Analyzers\MudBlazor.Analyzers.csproj", "{1F72E936-06A9-4FBB-847B-F5B232D167EF}"
EndProject
Project("{FAE04EC0-301F-11D3-BF4B-00C04F79EFBC}") = "MudBlazor.SourceGenerator", "..\MudBlazor\src\MudBlazor.SourceGenerator\MudBlazor.SourceGenerator.csproj", "{E77F7EB3-60B9-4212-A926-923DC295B420}"
EndProject
Project("{FAE04EC0-301F-11D3-BF4B-00C04F79EFBC}") = "MudBlazor.Docs", "..\MudBlazor\src\MudBlazor.Docs\MudBlazor.Docs.csproj", "{CAA8D3C9-B531-4C9D-8C88-B59CF4F26A2D}"
EndProject
Project("{FAE04EC0-301F-11D3-BF4B-00C04F79EFBC}") = "MudBlazor.Docs.Compiler", "..\MudBlazor\src\MudBlazor.Docs.Compiler\MudBlazor.Docs.Compiler.csproj", "{A83222CB-6629-4208-A885-C1D237ABFAA0}"
EndProject
Global
	GlobalSection(SolutionConfigurationPlatforms) = preSolution
		Debug|Any CPU = Debug|Any CPU
		Release|Any CPU = Release|Any CPU
	EndGlobalSection
	GlobalSection(ProjectConfigurationPlatforms) = postSolution
		{EF62B2E2-56D5-4F26-89F8-91014D335C33}.Debug|Any CPU.ActiveCfg = Debug|Any CPU
		{EF62B2E2-56D5-4F26-89F8-91014D335C33}.Debug|Any CPU.Build.0 = Debug|Any CPU
		{EF62B2E2-56D5-4F26-89F8-91014D335C33}.Release|Any CPU.ActiveCfg = Release|Any CPU
		{EF62B2E2-56D5-4F26-89F8-91014D335C33}.Release|Any CPU.Build.0 = Release|Any CPU
		{65FD337C-4469-4FE7-8A63-AF9A4F23A0A6}.Debug|Any CPU.ActiveCfg = Debug|Any CPU
		{65FD337C-4469-4FE7-8A63-AF9A4F23A0A6}.Debug|Any CPU.Build.0 = Debug|Any CPU
		{65FD337C-4469-4FE7-8A63-AF9A4F23A0A6}.Release|Any CPU.ActiveCfg = Release|Any CPU
		{65FD337C-4469-4FE7-8A63-AF9A4F23A0A6}.Release|Any CPU.Build.0 = Release|Any CPU
		{85C7106C-38F5-4057-BDD4-E84825735942}.Debug|Any CPU.ActiveCfg = Debug|Any CPU
		{85C7106C-38F5-4057-BDD4-E84825735942}.Debug|Any CPU.Build.0 = Debug|Any CPU
		{85C7106C-38F5-4057-BDD4-E84825735942}.Release|Any CPU.ActiveCfg = Release|Any CPU
		{85C7106C-38F5-4057-BDD4-E84825735942}.Release|Any CPU.Build.0 = Release|Any CPU
		{36E85EC5-C2F4-477B-A712-0AF04CFC05A9}.Debug|Any CPU.ActiveCfg = Debug|Any CPU
		{36E85EC5-C2F4-477B-A712-0AF04CFC05A9}.Debug|Any CPU.Build.0 = Debug|Any CPU
		{36E85EC5-C2F4-477B-A712-0AF04CFC05A9}.Release|Any CPU.ActiveCfg = Release|Any CPU
		{36E85EC5-C2F4-477B-A712-0AF04CFC05A9}.Release|Any CPU.Build.0 = Release|Any CPU
		{CAB66C20-A3C2-408E-9DAB-CA7EFEC2227F}.Debug|Any CPU.ActiveCfg = Debug|Any CPU
		{CAB66C20-A3C2-408E-9DAB-CA7EFEC2227F}.Debug|Any CPU.Build.0 = Debug|Any CPU
		{CAB66C20-A3C2-408E-9DAB-CA7EFEC2227F}.Release|Any CPU.ActiveCfg = Release|Any CPU
		{0353B924-2BF0-4BB3-86B1-04C95BE10CF3}.Debug|Any CPU.ActiveCfg = Debug|Any CPU
		{0353B924-2BF0-4BB3-86B1-04C95BE10CF3}.Debug|Any CPU.Build.0 = Debug|Any CPU
		{0353B924-2BF0-4BB3-86B1-04C95BE10CF3}.Release|Any CPU.ActiveCfg = Release|Any CPU
		{0353B924-2BF0-4BB3-86B1-04C95BE10CF3}.Release|Any CPU.Build.0 = Release|Any CPU
		{0A6E7394-6C3A-4EA7-B946-93050F9A169D}.Debug|Any CPU.ActiveCfg = Debug|Any CPU
		{0A6E7394-6C3A-4EA7-B946-93050F9A169D}.Debug|Any CPU.Build.0 = Debug|Any CPU
		{0A6E7394-6C3A-4EA7-B946-93050F9A169D}.Release|Any CPU.ActiveCfg = Release|Any CPU
		{0A6E7394-6C3A-4EA7-B946-93050F9A169D}.Release|Any CPU.Build.0 = Release|Any CPU
		{1F72E936-06A9-4FBB-847B-F5B232D167EF}.Debug|Any CPU.ActiveCfg = Debug|Any CPU
		{1F72E936-06A9-4FBB-847B-F5B232D167EF}.Debug|Any CPU.Build.0 = Debug|Any CPU
		{1F72E936-06A9-4FBB-847B-F5B232D167EF}.Release|Any CPU.ActiveCfg = Release|Any CPU
		{1F72E936-06A9-4FBB-847B-F5B232D167EF}.Release|Any CPU.Build.0 = Release|Any CPU
		{E77F7EB3-60B9-4212-A926-923DC295B420}.Debug|Any CPU.ActiveCfg = Debug|Any CPU
		{E77F7EB3-60B9-4212-A926-923DC295B420}.Debug|Any CPU.Build.0 = Debug|Any CPU
		{E77F7EB3-60B9-4212-A926-923DC295B420}.Release|Any CPU.ActiveCfg = Release|Any CPU
		{E77F7EB3-60B9-4212-A926-923DC295B420}.Release|Any CPU.Build.0 = Release|Any CPU
		{CAA8D3C9-B531-4C9D-8C88-B59CF4F26A2D}.Debug|Any CPU.ActiveCfg = Debug|Any CPU
		{CAA8D3C9-B531-4C9D-8C88-B59CF4F26A2D}.Debug|Any CPU.Build.0 = Debug|Any CPU
		{CAA8D3C9-B531-4C9D-8C88-B59CF4F26A2D}.Release|Any CPU.ActiveCfg = Release|Any CPU
		{CAA8D3C9-B531-4C9D-8C88-B59CF4F26A2D}.Release|Any CPU.Build.0 = Release|Any CPU
		{A83222CB-6629-4208-A885-C1D237ABFAA0}.Debug|Any CPU.ActiveCfg = Debug|Any CPU
		{A83222CB-6629-4208-A885-C1D237ABFAA0}.Debug|Any CPU.Build.0 = Debug|Any CPU
		{A83222CB-6629-4208-A885-C1D237ABFAA0}.Release|Any CPU.ActiveCfg = Release|Any CPU
		{A83222CB-6629-4208-A885-C1D237ABFAA0}.Release|Any CPU.Build.0 = Release|Any CPU
	EndGlobalSection
	GlobalSection(SolutionProperties) = preSolution
		HideSolutionNode = FALSE
	EndGlobalSection
	GlobalSection(ExtensibilityGlobals) = postSolution
		SolutionGuid = {B307CEBE-30FE-4748-AAAB-143DCB0D19CD}
	EndGlobalSection
EndGlobal
